
Microsoft Visual Studio Solution File, Format Version 12.00
# Visual Studio Version 17
VisualStudioVersion = 17.0.31903.59
MinimumVisualStudioVersion = 10.0.40219.1
Project("{FAE04EC0-301F-11D3-BF4B-00C04F79EFBC}") = "calculator_class_example", "calculator_class_example\calculator_class_example.csproj", "{261B8CD1-F0F5-418B-B393-B36D6F29D6E0}"
EndProject
Project("{FAE04EC0-301F-11D3-BF4B-00C04F79EFBC}") = "API", "API\API.csproj", "{F495104B-6D73-4766-BACD-A30A48B2057B}"
EndProject
Global
	GlobalSection(SolutionProperties) = preSolution
		HideSolutionNode = FALSE
	EndGlobalSection
	GlobalSection(SolutionConfigurationPlatforms) = preSolution
		Debug|Any CPU = Debug|Any CPU
		Debug|x64 = Debug|x64
		Debug|x86 = Debug|x86
		Release|Any CPU = Release|Any CPU
		Release|x64 = Release|x64
		Release|x86 = Release|x86
	EndGlobalSection
	GlobalSection(ProjectConfigurationPlatforms) = postSolution
		{261B8CD1-F0F5-418B-B393-B36D6F29D6E0}.Debug|Any CPU.ActiveCfg = Debug|Any CPU
		{261B8CD1-F0F5-418B-B393-B36D6F29D6E0}.Debug|Any CPU.Build.0 = Debug|Any CPU
		{261B8CD1-F0F5-418B-B393-B36D6F29D6E0}.Debug|x64.ActiveCfg = Debug|Any CPU
		{261B8CD1-F0F5-418B-B393-B36D6F29D6E0}.Debug|x64.Build.0 = Debug|Any CPU
		{261B8CD1-F0F5-418B-B393-B36D6F29D6E0}.Debug|x86.ActiveCfg = Debug|Any CPU
		{261B8CD1-F0F5-418B-B393-B36D6F29D6E0}.Debug|x86.Build.0 = Debug|Any CPU
		{261B8CD1-F0F5-418B-B393-B36D6F29D6E0}.Release|Any CPU.ActiveCfg = Release|Any CPU
		{261B8CD1-F0F5-418B-B393-B36D6F29D6E0}.Release|Any CPU.Build.0 = Release|Any CPU
		{261B8CD1-F0F5-418B-B393-B36D6F29D6E0}.Release|x64.ActiveCfg = Release|Any CPU
		{261B8CD1-F0F5-418B-B393-B36D6F29D6E0}.Release|x64.Build.0 = Release|Any CPU
		{261B8CD1-F0F5-418B-B393-B36D6F29D6E0}.Release|x86.ActiveCfg = Release|Any CPU
		{261B8CD1-F0F5-418B-B393-B36D6F29D6E0}.Release|x86.Build.0 = Release|Any CPU
		{F495104B-6D73-4766-BACD-A30A48B2057B}.Debug|Any CPU.ActiveCfg = Debug|Any CPU
		{F495104B-6D73-4766-BACD-A30A48B2057B}.Debug|Any CPU.Build.0 = Debug|Any CPU
		{F495104B-6D73-4766-BACD-A30A48B2057B}.Debug|x64.ActiveCfg = Debug|Any CPU
		{F495104B-6D73-4766-BACD-A30A48B2057B}.Debug|x64.Build.0 = Debug|Any CPU
		{F495104B-6D73-4766-BACD-A30A48B2057B}.Debug|x86.ActiveCfg = Debug|Any CPU
		{F495104B-6D73-4766-BACD-A30A48B2057B}.Debug|x86.Build.0 = Debug|Any CPU
		{F495104B-6D73-4766-BACD-A30A48B2057B}.Release|Any CPU.ActiveCfg = Release|Any CPU
		{F495104B-6D73-4766-BACD-A30A48B2057B}.Release|Any CPU.Build.0 = Release|Any CPU
		{F495104B-6D73-4766-BACD-A30A48B2057B}.Release|x64.ActiveCfg = Release|Any CPU
		{F495104B-6D73-4766-BACD-A30A48B2057B}.Release|x64.Build.0 = Release|Any CPU
		{F495104B-6D73-4766-BACD-A30A48B2057B}.Release|x86.ActiveCfg = Release|Any CPU
		{F495104B-6D73-4766-BACD-A30A48B2057B}.Release|x86.Build.0 = Release|Any CPU
	EndGlobalSection
EndGlobal
